{
  "name": "starlight",
  "version": "0.0.1",
  "dependencies": {
    "accepts": {
      "version": "1.3.3",
      "from": "accepts@>=1.3.3 <1.4.0",
      "resolved": "https://registry.npmjs.org/accepts/-/accepts-1.3.3.tgz"
    },
    "ansi-regex": {
      "version": "2.0.0",
      "from": "ansi-regex@>=2.0.0 <3.0.0",
      "resolved": "https://registry.npmjs.org/ansi-regex/-/ansi-regex-2.0.0.tgz"
    },
    "ansi-styles": {
      "version": "2.2.1",
      "from": "ansi-styles@>=2.2.1 <3.0.0",
      "resolved": "https://registry.npmjs.org/ansi-styles/-/ansi-styles-2.2.1.tgz",
      "dev": true
    },
    "array-flatten": {
      "version": "1.1.1",
      "from": "array-flatten@1.1.1",
      "resolved": "https://registry.npmjs.org/array-flatten/-/array-flatten-1.1.1.tgz"
    },
    "async": {
      "version": "1.5.2",
      "from": "async@>=1.4.0 <2.0.0",
      "resolved": "https://registry.npmjs.org/async/-/async-1.5.2.tgz"
    },
    "babel-code-frame": {
      "version": "6.20.0",
      "from": "babel-code-frame@>=6.20.0 <7.0.0",
      "resolved": "https://registry.npmjs.org/babel-code-frame/-/babel-code-frame-6.20.0.tgz",
      "dev": true
    },
    "babel-core": {
      "version": "6.21.0",
      "from": "babel-core@>=6.18.0 <7.0.0",
      "resolved": "https://registry.npmjs.org/babel-core/-/babel-core-6.21.0.tgz",
      "dev": true
    },
    "babel-generator": {
      "version": "6.21.0",
      "from": "babel-generator@>=6.21.0 <7.0.0",
      "resolved": "https://registry.npmjs.org/babel-generator/-/babel-generator-6.21.0.tgz",
      "dev": true
    },
    "babel-helpers": {
      "version": "6.16.0",
      "from": "babel-helpers@>=6.16.0 <7.0.0",
      "resolved": "https://registry.npmjs.org/babel-helpers/-/babel-helpers-6.16.0.tgz",
      "dev": true
    },
    "babel-messages": {
      "version": "6.8.0",
      "from": "babel-messages@>=6.8.0 <7.0.0",
      "resolved": "https://registry.npmjs.org/babel-messages/-/babel-messages-6.8.0.tgz",
      "dev": true
    },
    "babel-register": {
      "version": "6.18.0",
      "from": "babel-register@latest",
      "resolved": "https://registry.npmjs.org/babel-register/-/babel-register-6.18.0.tgz",
      "dev": true
    },
    "babel-runtime": {
      "version": "6.20.0",
      "from": "babel-runtime@>=6.11.6 <7.0.0",
      "resolved": "https://registry.npmjs.org/babel-runtime/-/babel-runtime-6.20.0.tgz",
      "dev": true
    },
    "babel-template": {
      "version": "6.16.0",
      "from": "babel-template@>=6.16.0 <7.0.0",
      "resolved": "https://registry.npmjs.org/babel-template/-/babel-template-6.16.0.tgz",
      "dev": true
    },
    "babel-traverse": {
      "version": "6.21.0",
      "from": "babel-traverse@>=6.21.0 <7.0.0",
      "resolved": "https://registry.npmjs.org/babel-traverse/-/babel-traverse-6.21.0.tgz",
      "dev": true
    },
    "babel-types": {
      "version": "6.21.0",
      "from": "babel-types@>=6.21.0 <7.0.0",
      "resolved": "https://registry.npmjs.org/babel-types/-/babel-types-6.21.0.tgz",
      "dev": true
    },
    "babylon": {
      "version": "6.14.1",
      "from": "babylon@>=6.11.0 <7.0.0",
      "resolved": "https://registry.npmjs.org/babylon/-/babylon-6.14.1.tgz",
      "dev": true
    },
    "balanced-match": {
      "version": "0.4.2",
      "from": "balanced-match@>=0.4.1 <0.5.0",
      "resolved": "https://registry.npmjs.org/balanced-match/-/balanced-match-0.4.2.tgz",
      "dev": true
    },
    "bluebird": {
      "version": "3.4.6",
      "from": "bluebird@latest",
      "resolved": "https://registry.npmjs.org/bluebird/-/bluebird-3.4.6.tgz"
    },
    "bottlejs": {
      "version": "1.5.0",
      "from": "bottlejs@latest",
      "resolved": "https://registry.npmjs.org/bottlejs/-/bottlejs-1.5.0.tgz"
    },
    "brace-expansion": {
      "version": "1.1.6",
      "from": "brace-expansion@>=1.0.0 <2.0.0",
      "resolved": "https://registry.npmjs.org/brace-expansion/-/brace-expansion-1.1.6.tgz",
      "dev": true
    },
    "browser-stdout": {
      "version": "1.3.0",
      "from": "browser-stdout@1.3.0",
      "resolved": "https://registry.npmjs.org/browser-stdout/-/browser-stdout-1.3.0.tgz",
      "dev": true
    },
    "buffer-shims": {
      "version": "1.0.0",
      "from": "buffer-shims@>=1.0.0 <2.0.0",
      "resolved": "https://registry.npmjs.org/buffer-shims/-/buffer-shims-1.0.0.tgz",
      "dev": true
    },
    "camelcase": {
      "version": "2.1.1",
      "from": "camelcase@>=2.0.1 <3.0.0",
      "resolved": "https://registry.npmjs.org/camelcase/-/camelcase-2.1.1.tgz"
    },
    "chalk": {
      "version": "1.1.3",
      "from": "chalk@>=1.1.0 <2.0.0",
      "resolved": "https://registry.npmjs.org/chalk/-/chalk-1.1.3.tgz",
      "dev": true,
      "dependencies": {
        "supports-color": {
          "version": "2.0.0",
          "from": "supports-color@>=2.0.0 <3.0.0",
          "resolved": "https://registry.npmjs.org/supports-color/-/supports-color-2.0.0.tgz",
          "dev": true
        }
      }
    },
    "cliui": {
      "version": "3.2.0",
      "from": "cliui@>=3.0.3 <4.0.0",
      "resolved": "https://registry.npmjs.org/cliui/-/cliui-3.2.0.tgz"
    },
    "clone": {
      "version": "1.0.2",
      "from": "clone@>=1.0.2 <2.0.0",
      "resolved": "https://registry.npmjs.org/clone/-/clone-1.0.2.tgz"
    },
    "code-point-at": {
      "version": "1.1.0",
      "from": "code-point-at@>=1.0.0 <2.0.0",
      "resolved": "https://registry.npmjs.org/code-point-at/-/code-point-at-1.1.0.tgz"
    },
    "combined-stream": {
      "version": "1.0.5",
      "from": "combined-stream@>=1.0.5 <2.0.0",
      "resolved": "https://registry.npmjs.org/combined-stream/-/combined-stream-1.0.5.tgz",
      "dev": true
    },
    "commander": {
      "version": "2.9.0",
      "from": "commander@2.9.0",
      "resolved": "https://registry.npmjs.org/commander/-/commander-2.9.0.tgz",
      "dev": true
    },
    "component-emitter": {
      "version": "1.2.1",
      "from": "component-emitter@>=1.2.0 <2.0.0",
      "resolved": "https://registry.npmjs.org/component-emitter/-/component-emitter-1.2.1.tgz",
      "dev": true
    },
    "concat-map": {
      "version": "0.0.1",
      "from": "concat-map@0.0.1",
      "resolved": "https://registry.npmjs.org/concat-map/-/concat-map-0.0.1.tgz",
      "dev": true
    },
    "content-disposition": {
      "version": "0.5.1",
      "from": "content-disposition@0.5.1",
      "resolved": "https://registry.npmjs.org/content-disposition/-/content-disposition-0.5.1.tgz"
    },
    "content-type": {
      "version": "1.0.2",
      "from": "content-type@>=1.0.2 <1.1.0",
      "resolved": "https://registry.npmjs.org/content-type/-/content-type-1.0.2.tgz"
    },
    "convert-source-map": {
      "version": "1.3.0",
      "from": "convert-source-map@>=1.1.0 <2.0.0",
      "resolved": "https://registry.npmjs.org/convert-source-map/-/convert-source-map-1.3.0.tgz",
      "dev": true
    },
    "cookie": {
      "version": "0.3.1",
      "from": "cookie@0.3.1",
      "resolved": "https://registry.npmjs.org/cookie/-/cookie-0.3.1.tgz"
    },
    "cookie-signature": {
      "version": "1.0.6",
      "from": "cookie-signature@1.0.6",
      "resolved": "https://registry.npmjs.org/cookie-signature/-/cookie-signature-1.0.6.tgz"
    },
    "cookiejar": {
      "version": "2.1.0",
      "from": "cookiejar@>=2.0.6 <3.0.0",
      "resolved": "https://registry.npmjs.org/cookiejar/-/cookiejar-2.1.0.tgz",
      "dev": true
    },
    "core-js": {
      "version": "2.4.1",
      "from": "core-js@>=2.4.0 <3.0.0",
      "resolved": "https://registry.npmjs.org/core-js/-/core-js-2.4.1.tgz",
      "dev": true
    },
    "core-util-is": {
      "version": "1.0.2",
      "from": "core-util-is@>=1.0.0 <1.1.0",
      "resolved": "https://registry.npmjs.org/core-util-is/-/core-util-is-1.0.2.tgz",
      "dev": true
    },
    "debug": {
      "version": "2.2.0",
      "from": "debug@2.2.0",
      "resolved": "https://registry.npmjs.org/debug/-/debug-2.2.0.tgz"
    },
    "decamelize": {
      "version": "1.2.0",
      "from": "decamelize@>=1.1.1 <2.0.0",
      "resolved": "https://registry.npmjs.org/decamelize/-/decamelize-1.2.0.tgz"
    },
    "defaults": {
      "version": "1.0.3",
      "from": "defaults@>=1.0.3 <2.0.0",
      "resolved": "https://registry.npmjs.org/defaults/-/defaults-1.0.3.tgz"
    },
    "delayed-stream": {
      "version": "1.0.0",
      "from": "delayed-stream@>=1.0.0 <1.1.0",
      "resolved": "https://registry.npmjs.org/delayed-stream/-/delayed-stream-1.0.0.tgz",
      "dev": true
    },
    "depd": {
      "version": "1.1.0",
      "from": "depd@>=1.1.0 <1.2.0",
      "resolved": "https://registry.npmjs.org/depd/-/depd-1.1.0.tgz"
    },
    "destroy": {
      "version": "1.0.4",
      "from": "destroy@>=1.0.4 <1.1.0",
      "resolved": "https://registry.npmjs.org/destroy/-/destroy-1.0.4.tgz"
    },
    "detect-indent": {
      "version": "4.0.0",
      "from": "detect-indent@>=4.0.0 <5.0.0",
      "resolved": "https://registry.npmjs.org/detect-indent/-/detect-indent-4.0.0.tgz",
      "dev": true
    },
    "diff": {
      "version": "1.4.0",
      "from": "diff@1.4.0",
      "resolved": "https://registry.npmjs.org/diff/-/diff-1.4.0.tgz",
      "dev": true
    },
    "ee-first": {
      "version": "1.1.1",
      "from": "ee-first@1.1.1",
      "resolved": "https://registry.npmjs.org/ee-first/-/ee-first-1.1.1.tgz"
    },
    "encodeurl": {
      "version": "1.0.1",
      "from": "encodeurl@>=1.0.1 <1.1.0",
      "resolved": "https://registry.npmjs.org/encodeurl/-/encodeurl-1.0.1.tgz"
    },
    "escape-html": {
      "version": "1.0.3",
      "from": "escape-html@>=1.0.3 <1.1.0",
      "resolved": "https://registry.npmjs.org/escape-html/-/escape-html-1.0.3.tgz"
    },
    "escape-string-regexp": {
      "version": "1.0.5",
      "from": "escape-string-regexp@1.0.5",
      "resolved": "https://registry.npmjs.org/escape-string-regexp/-/escape-string-regexp-1.0.5.tgz",
      "dev": true
    },
    "esutils": {
      "version": "2.0.2",
      "from": "esutils@>=2.0.2 <3.0.0",
      "resolved": "https://registry.npmjs.org/esutils/-/esutils-2.0.2.tgz",
      "dev": true
    },
    "etag": {
      "version": "1.7.0",
      "from": "etag@>=1.7.0 <1.8.0",
      "resolved": "https://registry.npmjs.org/etag/-/etag-1.7.0.tgz"
    },
    "express": {
      "version": "4.14.0",
      "from": "express@latest",
      "resolved": "https://registry.npmjs.org/express/-/express-4.14.0.tgz"
    },
    "express-rate-limit": {
      "version": "2.6.0",
      "from": "express-rate-limit@latest",
      "resolved": "https://registry.npmjs.org/express-rate-limit/-/express-rate-limit-2.6.0.tgz"
    },
    "extend": {
      "version": "3.0.0",
      "from": "extend@>=3.0.0 <4.0.0",
      "resolved": "https://registry.npmjs.org/extend/-/extend-3.0.0.tgz",
      "dev": true
    },
    "finalhandler": {
      "version": "0.5.0",
      "from": "finalhandler@0.5.0",
      "resolved": "https://registry.npmjs.org/finalhandler/-/finalhandler-0.5.0.tgz"
    },
    "form-data": {
      "version": "1.0.0-rc4",
      "from": "form-data@1.0.0-rc4",
      "resolved": "https://registry.npmjs.org/form-data/-/form-data-1.0.0-rc4.tgz",
      "dev": true
    },
    "formidable": {
      "version": "1.1.1",
      "from": "formidable@>=1.0.17 <2.0.0",
      "resolved": "https://registry.npmjs.org/formidable/-/formidable-1.1.1.tgz",
      "dev": true
    },
    "forwarded": {
      "version": "0.1.0",
      "from": "forwarded@>=0.1.0 <0.2.0",
      "resolved": "https://registry.npmjs.org/forwarded/-/forwarded-0.1.0.tgz"
    },
    "fresh": {
      "version": "0.3.0",
      "from": "fresh@0.3.0",
      "resolved": "https://registry.npmjs.org/fresh/-/fresh-0.3.0.tgz"
    },
    "fs.realpath": {
      "version": "1.0.0",
      "from": "fs.realpath@>=1.0.0 <2.0.0",
      "resolved": "https://registry.npmjs.org/fs.realpath/-/fs.realpath-1.0.0.tgz",
      "dev": true
    },
    "glob": {
      "version": "7.0.5",
      "from": "glob@7.0.5",
      "resolved": "https://registry.npmjs.org/glob/-/glob-7.0.5.tgz",
      "dev": true
    },
    "globals": {
      "version": "9.14.0",
      "from": "globals@>=9.0.0 <10.0.0",
      "resolved": "https://registry.npmjs.org/globals/-/globals-9.14.0.tgz",
      "dev": true
    },
    "graceful-readlink": {
      "version": "1.0.1",
      "from": "graceful-readlink@>=1.0.0",
      "resolved": "https://registry.npmjs.org/graceful-readlink/-/graceful-readlink-1.0.1.tgz",
      "dev": true
    },
    "growl": {
      "version": "1.9.2",
      "from": "growl@1.9.2",
      "resolved": "https://registry.npmjs.org/growl/-/growl-1.9.2.tgz",
      "dev": true
    },
    "has-ansi": {
      "version": "2.0.0",
      "from": "has-ansi@>=2.0.0 <3.0.0",
      "resolved": "https://registry.npmjs.org/has-ansi/-/has-ansi-2.0.0.tgz",
      "dev": true
    },
    "has-flag": {
      "version": "1.0.0",
      "from": "has-flag@>=1.0.0 <2.0.0",
      "resolved": "https://registry.npmjs.org/has-flag/-/has-flag-1.0.0.tgz",
      "dev": true
    },
    "home-or-tmp": {
      "version": "2.0.0",
      "from": "home-or-tmp@>=2.0.0 <3.0.0",
      "resolved": "https://registry.npmjs.org/home-or-tmp/-/home-or-tmp-2.0.0.tgz",
      "dev": true
    },
    "http-errors": {
      "version": "1.5.1",
      "from": "http-errors@>=1.5.0 <1.6.0",
      "resolved": "https://registry.npmjs.org/http-errors/-/http-errors-1.5.1.tgz"
    },
    "inflight": {
      "version": "1.0.6",
      "from": "inflight@>=1.0.4 <2.0.0",
      "resolved": "https://registry.npmjs.org/inflight/-/inflight-1.0.6.tgz",
      "dev": true
    },
    "inherits": {
      "version": "2.0.3",
      "from": "inherits@>=2.0.0 <3.0.0",
      "resolved": "https://registry.npmjs.org/inherits/-/inherits-2.0.3.tgz"
    },
    "ini": {
      "version": "1.3.4",
      "from": "ini@>=1.3.0 <2.0.0",
      "resolved": "https://registry.npmjs.org/ini/-/ini-1.3.4.tgz"
    },
    "invariant": {
      "version": "2.2.2",
      "from": "invariant@>=2.2.0 <3.0.0",
      "resolved": "https://registry.npmjs.org/invariant/-/invariant-2.2.2.tgz",
      "dev": true
    },
    "invert-kv": {
      "version": "1.0.0",
      "from": "invert-kv@>=1.0.0 <2.0.0",
      "resolved": "https://registry.npmjs.org/invert-kv/-/invert-kv-1.0.0.tgz"
    },
    "ipaddr.js": {
      "version": "1.2.0",
      "from": "ipaddr.js@1.2.0",
      "resolved": "https://registry.npmjs.org/ipaddr.js/-/ipaddr.js-1.2.0.tgz"
    },
    "is-finite": {
      "version": "1.0.2",
      "from": "is-finite@>=1.0.0 <2.0.0",
      "resolved": "https://registry.npmjs.org/is-finite/-/is-finite-1.0.2.tgz",
      "dev": true
    },
    "is-fullwidth-code-point": {
      "version": "1.0.0",
      "from": "is-fullwidth-code-point@>=1.0.0 <2.0.0",
      "resolved": "https://registry.npmjs.org/is-fullwidth-code-point/-/is-fullwidth-code-point-1.0.0.tgz"
    },
    "isarray": {
      "version": "1.0.0",
      "from": "isarray@>=1.0.0 <1.1.0",
      "resolved": "https://registry.npmjs.org/isarray/-/isarray-1.0.0.tgz",
      "dev": true
    },
    "js-tokens": {
      "version": "2.0.0",
      "from": "js-tokens@>=2.0.0 <3.0.0",
      "resolved": "https://registry.npmjs.org/js-tokens/-/js-tokens-2.0.0.tgz",
      "dev": true
    },
    "jsesc": {
      "version": "1.3.0",
      "from": "jsesc@>=1.3.0 <2.0.0",
      "resolved": "https://registry.npmjs.org/jsesc/-/jsesc-1.3.0.tgz",
      "dev": true
    },
    "json3": {
      "version": "3.3.2",
      "from": "json3@3.3.2",
      "resolved": "https://registry.npmjs.org/json3/-/json3-3.3.2.tgz",
      "dev": true
    },
    "json5": {
      "version": "0.5.1",
      "from": "json5@>=0.5.0 <0.6.0",
      "resolved": "https://registry.npmjs.org/json5/-/json5-0.5.1.tgz",
      "dev": true
    },
    "jsonschema": {
      "version": "1.1.1",
      "from": "jsonschema@latest",
      "resolved": "https://registry.npmjs.org/jsonschema/-/jsonschema-1.1.1.tgz"
    },
    "lcid": {
      "version": "1.0.0",
      "from": "lcid@>=1.0.0 <2.0.0",
      "resolved": "https://registry.npmjs.org/lcid/-/lcid-1.0.0.tgz"
    },
    "lodash": {
      "version": "4.17.2",
      "from": "lodash@latest",
      "resolved": "https://registry.npmjs.org/lodash/-/lodash-4.17.2.tgz"
    },
    "lodash._baseassign": {
      "version": "3.2.0",
      "from": "lodash._baseassign@>=3.0.0 <4.0.0",
      "resolved": "https://registry.npmjs.org/lodash._baseassign/-/lodash._baseassign-3.2.0.tgz",
      "dev": true
    },
    "lodash._basecopy": {
      "version": "3.0.1",
      "from": "lodash._basecopy@>=3.0.0 <4.0.0",
      "resolved": "https://registry.npmjs.org/lodash._basecopy/-/lodash._basecopy-3.0.1.tgz",
      "dev": true
    },
    "lodash._basecreate": {
      "version": "3.0.3",
      "from": "lodash._basecreate@>=3.0.0 <4.0.0",
      "resolved": "https://registry.npmjs.org/lodash._basecreate/-/lodash._basecreate-3.0.3.tgz",
      "dev": true
    },
    "lodash._getnative": {
      "version": "3.9.1",
      "from": "lodash._getnative@>=3.0.0 <4.0.0",
      "resolved": "https://registry.npmjs.org/lodash._getnative/-/lodash._getnative-3.9.1.tgz",
      "dev": true
    },
    "lodash._isiterateecall": {
      "version": "3.0.9",
      "from": "lodash._isiterateecall@>=3.0.0 <4.0.0",
      "resolved": "https://registry.npmjs.org/lodash._isiterateecall/-/lodash._isiterateecall-3.0.9.tgz",
      "dev": true
    },
    "lodash.create": {
      "version": "3.1.1",
      "from": "lodash.create@3.1.1",
      "resolved": "https://registry.npmjs.org/lodash.create/-/lodash.create-3.1.1.tgz",
      "dev": true
    },
    "lodash.isarguments": {
      "version": "3.1.0",
      "from": "lodash.isarguments@>=3.0.0 <4.0.0",
      "resolved": "https://registry.npmjs.org/lodash.isarguments/-/lodash.isarguments-3.1.0.tgz",
      "dev": true
    },
    "lodash.isarray": {
      "version": "3.0.4",
      "from": "lodash.isarray@>=3.0.0 <4.0.0",
      "resolved": "https://registry.npmjs.org/lodash.isarray/-/lodash.isarray-3.0.4.tgz",
      "dev": true
    },
    "lodash.keys": {
      "version": "3.1.2",
      "from": "lodash.keys@>=3.0.0 <4.0.0",
      "resolved": "https://registry.npmjs.org/lodash.keys/-/lodash.keys-3.1.2.tgz",
      "dev": true
    },
    "loose-envify": {
      "version": "1.3.0",
      "from": "loose-envify@>=1.0.0 <2.0.0",
      "resolved": "https://registry.npmjs.org/loose-envify/-/loose-envify-1.3.0.tgz",
      "dev": true
    },
    "media-typer": {
      "version": "0.3.0",
      "from": "media-typer@0.3.0",
      "resolved": "https://registry.npmjs.org/media-typer/-/media-typer-0.3.0.tgz"
    },
    "merge-descriptors": {
      "version": "1.0.1",
      "from": "merge-descriptors@1.0.1",
      "resolved": "https://registry.npmjs.org/merge-descriptors/-/merge-descriptors-1.0.1.tgz"
    },
    "methods": {
      "version": "1.1.2",
      "from": "methods@>=1.1.2 <1.2.0",
      "resolved": "https://registry.npmjs.org/methods/-/methods-1.1.2.tgz"
    },
    "mime": {
      "version": "1.3.4",
      "from": "mime@1.3.4",
      "resolved": "https://registry.npmjs.org/mime/-/mime-1.3.4.tgz"
    },
    "mime-db": {
      "version": "1.26.0",
      "from": "mime-db@>=1.26.0 <1.27.0",
      "resolved": "https://registry.npmjs.org/mime-db/-/mime-db-1.26.0.tgz"
    },
    "mime-types": {
      "version": "2.1.14",
      "from": "mime-types@>=2.1.11 <2.2.0",
      "resolved": "https://registry.npmjs.org/mime-types/-/mime-types-2.1.14.tgz"
    },
    "minimatch": {
      "version": "3.0.3",
      "from": "minimatch@>=3.0.2 <4.0.0",
      "resolved": "https://registry.npmjs.org/minimatch/-/minimatch-3.0.3.tgz",
      "dev": true
    },
    "minimist": {
      "version": "0.0.8",
      "from": "minimist@0.0.8",
      "resolved": "https://registry.npmjs.org/minimist/-/minimist-0.0.8.tgz",
      "dev": true
    },
    "mkdirp": {
      "version": "0.5.1",
      "from": "mkdirp@0.5.1",
      "resolved": "https://registry.npmjs.org/mkdirp/-/mkdirp-0.5.1.tgz",
      "dev": true
    },
    "mocha": {
      "version": "3.2.0",
      "from": "mocha@3.2.0",
      "resolved": "https://registry.npmjs.org/mocha/-/mocha-3.2.0.tgz",
      "dev": true
    },
    "ms": {
      "version": "0.7.1",
      "from": "ms@0.7.1",
      "resolved": "https://registry.npmjs.org/ms/-/ms-0.7.1.tgz"
    },
    "nconf": {
      "version": "0.8.4",
      "from": "nconf@latest",
      "resolved": "https://registry.npmjs.org/nconf/-/nconf-0.8.4.tgz"
    },
    "negotiator": {
      "version": "0.6.1",
      "from": "negotiator@0.6.1",
      "resolved": "https://registry.npmjs.org/negotiator/-/negotiator-0.6.1.tgz"
    },
    "number-is-nan": {
      "version": "1.0.1",
      "from": "number-is-nan@>=1.0.0 <2.0.0",
      "resolved": "https://registry.npmjs.org/number-is-nan/-/number-is-nan-1.0.1.tgz"
    },
    "on-finished": {
      "version": "2.3.0",
      "from": "on-finished@>=2.3.0 <2.4.0",
      "resolved": "https://registry.npmjs.org/on-finished/-/on-finished-2.3.0.tgz"
    },
    "once": {
      "version": "1.4.0",
      "from": "once@>=1.3.0 <2.0.0",
      "resolved": "https://registry.npmjs.org/once/-/once-1.4.0.tgz",
      "dev": true
    },
    "os-homedir": {
      "version": "1.0.2",
      "from": "os-homedir@>=1.0.0 <2.0.0",
      "resolved": "https://registry.npmjs.org/os-homedir/-/os-homedir-1.0.2.tgz",
      "dev": true
    },
    "os-locale": {
      "version": "1.4.0",
      "from": "os-locale@>=1.4.0 <2.0.0",
      "resolved": "https://registry.npmjs.org/os-locale/-/os-locale-1.4.0.tgz"
    },
    "os-tmpdir": {
      "version": "1.0.2",
      "from": "os-tmpdir@>=1.0.1 <2.0.0",
      "resolved": "https://registry.npmjs.org/os-tmpdir/-/os-tmpdir-1.0.2.tgz",
      "dev": true
    },
    "parseurl": {
      "version": "1.3.1",
      "from": "parseurl@>=1.3.1 <1.4.0",
      "resolved": "https://registry.npmjs.org/parseurl/-/parseurl-1.3.1.tgz"
    },
    "path-is-absolute": {
      "version": "1.0.1",
      "from": "path-is-absolute@>=1.0.0 <2.0.0",
      "resolved": "https://registry.npmjs.org/path-is-absolute/-/path-is-absolute-1.0.1.tgz",
      "dev": true
    },
    "path-to-regexp": {
      "version": "0.1.7",
      "from": "path-to-regexp@0.1.7",
      "resolved": "https://registry.npmjs.org/path-to-regexp/-/path-to-regexp-0.1.7.tgz"
    },
    "private": {
      "version": "0.1.6",
      "from": "private@>=0.1.6 <0.2.0",
      "resolved": "https://registry.npmjs.org/private/-/private-0.1.6.tgz",
      "dev": true
    },
    "process-nextick-args": {
      "version": "1.0.7",
      "from": "process-nextick-args@>=1.0.6 <1.1.0",
      "resolved": "https://registry.npmjs.org/process-nextick-args/-/process-nextick-args-1.0.7.tgz",
      "dev": true
    },
    "proxy-addr": {
      "version": "1.1.3",
      "from": "proxy-addr@>=1.1.2 <1.2.0",
      "resolved": "https://registry.npmjs.org/proxy-addr/-/proxy-addr-1.1.3.tgz"
    },
    "qs": {
      "version": "6.2.0",
      "from": "qs@6.2.0",
      "resolved": "https://registry.npmjs.org/qs/-/qs-6.2.0.tgz"
    },
    "range-parser": {
      "version": "1.2.0",
      "from": "range-parser@>=1.2.0 <1.3.0",
      "resolved": "https://registry.npmjs.org/range-parser/-/range-parser-1.2.0.tgz"
    },
    "readable-stream": {
      "version": "2.2.2",
      "from": "readable-stream@>=2.0.5 <3.0.0",
      "resolved": "https://registry.npmjs.org/readable-stream/-/readable-stream-2.2.2.tgz",
      "dev": true
    },
    "regenerator-runtime": {
      "version": "0.10.1",
      "from": "regenerator-runtime@>=0.10.0 <0.11.0",
      "resolved": "https://registry.npmjs.org/regenerator-runtime/-/regenerator-runtime-0.10.1.tgz",
      "dev": true
    },
    "repeating": {
      "version": "2.0.1",
      "from": "repeating@>=2.0.0 <3.0.0",
      "resolved": "https://registry.npmjs.org/repeating/-/repeating-2.0.1.tgz",
      "dev": true
    },
    "secure-keys": {
      "version": "1.0.0",
      "from": "secure-keys@>=1.0.0 <2.0.0",
      "resolved": "https://registry.npmjs.org/secure-keys/-/secure-keys-1.0.0.tgz"
    },
    "send": {
      "version": "0.14.1",
      "from": "send@0.14.1",
      "resolved": "https://registry.npmjs.org/send/-/send-0.14.1.tgz"
    },
    "serve-static": {
      "version": "1.11.2",
      "from": "serve-static@>=1.11.1 <1.12.0",
      "resolved": "https://registry.npmjs.org/serve-static/-/serve-static-1.11.2.tgz",
      "dependencies": {
        "ms": {
          "version": "0.7.2",
          "from": "ms@0.7.2",
          "resolved": "https://registry.npmjs.org/ms/-/ms-0.7.2.tgz"
        },
        "send": {
          "version": "0.14.2",
          "from": "send@0.14.2",
          "resolved": "https://registry.npmjs.org/send/-/send-0.14.2.tgz"
        }
      }
    },
    "setprototypeof": {
      "version": "1.0.2",
      "from": "setprototypeof@1.0.2",
      "resolved": "https://registry.npmjs.org/setprototypeof/-/setprototypeof-1.0.2.tgz"
    },
    "should": {
      "version": "11.1.2",
      "from": "should@11.1.2",
      "resolved": "https://registry.npmjs.org/should/-/should-11.1.2.tgz",
      "dev": true
    },
    "should-equal": {
      "version": "1.0.1",
      "from": "should-equal@>=1.0.0 <2.0.0",
      "resolved": "https://registry.npmjs.org/should-equal/-/should-equal-1.0.1.tgz",
      "dev": true
    },
    "should-format": {
      "version": "3.0.2",
      "from": "should-format@>=3.0.2 <4.0.0",
      "resolved": "https://registry.npmjs.org/should-format/-/should-format-3.0.2.tgz",
      "dev": true
    },
    "should-type": {
      "version": "1.4.0",
      "from": "should-type@>=1.4.0 <2.0.0",
      "resolved": "https://registry.npmjs.org/should-type/-/should-type-1.4.0.tgz",
      "dev": true
    },
    "should-type-adaptors": {
      "version": "1.0.1",
      "from": "should-type-adaptors@>=1.0.1 <2.0.0",
      "resolved": "https://registry.npmjs.org/should-type-adaptors/-/should-type-adaptors-1.0.1.tgz",
      "dev": true
    },
    "should-util": {
      "version": "1.0.0",
      "from": "should-util@>=1.0.0 <2.0.0",
      "resolved": "https://registry.npmjs.org/should-util/-/should-util-1.0.0.tgz",
      "dev": true
    },
    "slash": {
      "version": "1.0.0",
      "from": "slash@>=1.0.0 <2.0.0",
      "resolved": "https://registry.npmjs.org/slash/-/slash-1.0.0.tgz",
      "dev": true
    },
    "source-map": {
      "version": "0.5.6",
      "from": "source-map@>=0.5.0 <0.6.0",
      "resolved": "https://registry.npmjs.org/source-map/-/source-map-0.5.6.tgz",
      "dev": true
    },
    "source-map-support": {
      "version": "0.4.6",
      "from": "source-map-support@>=0.4.2 <0.5.0",
      "resolved": "https://registry.npmjs.org/source-map-support/-/source-map-support-0.4.6.tgz",
      "dev": true
    },
    "statuses": {
      "version": "1.3.1",
      "from": "statuses@>=1.3.0 <1.4.0",
      "resolved": "https://registry.npmjs.org/statuses/-/statuses-1.3.1.tgz"
    },
    "string_decoder": {
      "version": "0.10.31",
      "from": "string_decoder@>=0.10.0 <0.11.0",
      "resolved": "https://registry.npmjs.org/string_decoder/-/string_decoder-0.10.31.tgz",
      "dev": true
    },
    "string-width": {
      "version": "1.0.2",
      "from": "string-width@>=1.0.1 <2.0.0",
      "resolved": "https://registry.npmjs.org/string-width/-/string-width-1.0.2.tgz"
    },
    "strip-ansi": {
      "version": "3.0.1",
      "from": "strip-ansi@>=3.0.1 <4.0.0",
      "resolved": "https://registry.npmjs.org/strip-ansi/-/strip-ansi-3.0.1.tgz"
    },
    "superagent": {
      "version": "2.3.0",
      "from": "superagent@>=2.0.0 <3.0.0",
      "resolved": "https://registry.npmjs.org/superagent/-/superagent-2.3.0.tgz",
      "dev": true
    },
    "supertest": {
      "version": "2.0.1",
      "from": "supertest@latest",
      "resolved": "https://registry.npmjs.org/supertest/-/supertest-2.0.1.tgz",
      "dev": true
    },
    "supports-color": {
      "version": "3.1.2",
      "from": "supports-color@3.1.2",
      "resolved": "https://registry.npmjs.org/supports-color/-/supports-color-3.1.2.tgz",
      "dev": true
    },
    "to-fast-properties": {
      "version": "1.0.2",
      "from": "to-fast-properties@>=1.0.1 <2.0.0",
      "resolved": "https://registry.npmjs.org/to-fast-properties/-/to-fast-properties-1.0.2.tgz",
      "dev": true
    },
    "type-is": {
      "version": "1.6.14",
      "from": "type-is@>=1.6.13 <1.7.0",
      "resolved": "https://registry.npmjs.org/type-is/-/type-is-1.6.14.tgz"
    },
    "unpipe": {
      "version": "1.0.0",
      "from": "unpipe@>=1.0.0 <1.1.0",
      "resolved": "https://registry.npmjs.org/unpipe/-/unpipe-1.0.0.tgz"
    },
    "util-deprecate": {
      "version": "1.0.2",
      "from": "util-deprecate@>=1.0.1 <1.1.0",
      "resolved": "https://registry.npmjs.org/util-deprecate/-/util-deprecate-1.0.2.tgz",
      "dev": true
    },
    "utils-merge": {
      "version": "1.0.0",
      "from": "utils-merge@1.0.0",
      "resolved": "https://registry.npmjs.org/utils-merge/-/utils-merge-1.0.0.tgz"
    },
    "vary": {
      "version": "1.1.0",
      "from": "vary@>=1.1.0 <1.2.0",
      "resolved": "https://registry.npmjs.org/vary/-/vary-1.1.0.tgz"
    },
    "window-size": {
      "version": "0.1.4",
      "from": "window-size@>=0.1.4 <0.2.0",
      "resolved": "https://registry.npmjs.org/window-size/-/window-size-0.1.4.tgz"
    },
    "wrap-ansi": {
      "version": "2.1.0",
      "from": "wrap-ansi@>=2.0.0 <3.0.0",
      "resolved": "https://registry.npmjs.org/wrap-ansi/-/wrap-ansi-2.1.0.tgz"
    },
    "wrappy": {
      "version": "1.0.2",
      "from": "wrappy@>=1.0.0 <2.0.0",
      "resolved": "https://registry.npmjs.org/wrappy/-/wrappy-1.0.2.tgz",
      "dev": true
    },
    "y18n": {
      "version": "3.2.1",
      "from": "y18n@>=3.2.0 <4.0.0",
      "resolved": "https://registry.npmjs.org/y18n/-/y18n-3.2.1.tgz"
    },
    "yargs": {
      "version": "3.32.0",
      "from": "yargs@>=3.19.0 <4.0.0",
      "resolved": "https://registry.npmjs.org/yargs/-/yargs-3.32.0.tgz"
    }
  }
}
